
Microsoft Visual Studio Solution File, Format Version 12.00
# Visual Studio 14
VisualStudioVersion = 14.0.25123.0
MinimumVisualStudioVersion = 10.0.40219.1
Project("{2150E333-8FDC-42A3-9474-1A3956D46DE8}") = "src", "src", "{9A79D309-6762-4A70-A4C2-8AB81BF7B920}"
EndProject
Project("{2150E333-8FDC-42A3-9474-1A3956D46DE8}") = "Solution Items", "Solution Items", "{07F74378-318E-45EE-8C06-9036D586EF16}"
	ProjectSection(SolutionItems) = preProject
		global.json = global.json
	EndProjectSection
EndProject
Project("{8BB2217D-0F2D-49D1-97BC-3654ED321F3B}") = "Angular2", "src\Angular2\Angular2.xproj", "{0E8D1A1F-00C7-4091-BBD1-FBD1E2BFF74E}"
EndProject
Project("{8BB2217D-0F2D-49D1-97BC-3654ED321F3B}") = "MyLibrary", "src\MyLibrary\MyLibrary.xproj", "{6A62CC83-EDB5-4031-83F9-37207AF76F6C}"
EndProject
Project("{8BB2217D-0F2D-49D1-97BC-3654ED321F3B}") = "CoreWebApp", "src\CoreWebApp\CoreWebApp.xproj", "{96C7B0E3-75BC-4E5A-A836-65E8A1BEE598}"
EndProject
Project("{8BB2217D-0F2D-49D1-97BC-3654ED321F3B}") = "FxWebApp", "src\FxWebApp\FxWebApp.xproj", "{E884F652-BC8C-4BEF-AA07-E5A59E3C16C7}"
EndProject
Project("{8BB2217D-0F2D-49D1-97BC-3654ED321F3B}") = "Aurelia", "src\Aurelia\Aurelia.xproj", "{603E8E67-74CC-4B93-9100-7FC92A8F2DBF}"
EndProject
Project("{8BB2217D-0F2D-49D1-97BC-3654ED321F3B}") = "AureliaWebPack", "src\AureliaWebPack\AureliaWebPack.xproj", "{D2BD42D7-1475-4C96-9181-2E2DFD97D348}"
EndProject
Project("{8BB2217D-0F2D-49D1-97BC-3654ED321F3B}") = "React", "src\React\React.xproj", "{49C9AB26-6A00-4CB1-B7E6-19F761975CA4}"
EndProject
Project("{8BB2217D-0F2D-49D1-97BC-3654ED321F3B}") = "ReactBrowserify", "src\ReactBrowserify\ReactBrowserify.xproj", "{1859E31C-66A1-4B57-BE13-061A037BBC65}"
EndProject
Project("{8BB2217D-0F2D-49D1-97BC-3654ED321F3B}") = "ReactHotReload", "src\ReactHotReload\ReactHotReload.xproj", "{F8D5752C-DC43-4748-8FC4-620259F24F2B}"
EndProject
Project("{8BB2217D-0F2D-49D1-97BC-3654ED321F3B}") = "Angular2WebPack", "src\Angular2WebPack\Angular2WebPack.xproj", "{4E581518-0EA6-40F1-955D-4998224F6303}"
EndProject
Project("{8BB2217D-0F2D-49D1-97BC-3654ED321F3B}") = "ReactRedux", "src\ReactRedux\ReactRedux.xproj", "{0F9241D3-8B8C-48B7-A459-E4D668DA4D64}"
EndProject
Project("{8BB2217D-0F2D-49D1-97BC-3654ED321F3B}") = "ReactFlux", "src\ReactFlux\ReactFlux.xproj", "{DC93AFD6-5A7B-4BB0-B325-9F038A86301E}"
EndProject
Project("{8BB2217D-0F2D-49D1-97BC-3654ED321F3B}") = "Polymer", "src\Polymer\Polymer.xproj", "{6BC5B0ED-EDFB-4F37-96A1-CA892B124FB9}"
EndProject
Project("{8BB2217D-0F2D-49D1-97BC-3654ED321F3B}") = "AngularRedux", "src\AngularRedux\AngularRedux.xproj", "{0B4E3171-AA1D-4F24-8098-01BC466DC163}"
EndProject
Global
	GlobalSection(SolutionConfigurationPlatforms) = preSolution
		Debug|Any CPU = Debug|Any CPU
		Release|Any CPU = Release|Any CPU
	EndGlobalSection
	GlobalSection(ProjectConfigurationPlatforms) = postSolution
		{0E8D1A1F-00C7-4091-BBD1-FBD1E2BFF74E}.Debug|Any CPU.ActiveCfg = Debug|Any CPU
		{0E8D1A1F-00C7-4091-BBD1-FBD1E2BFF74E}.Debug|Any CPU.Build.0 = Debug|Any CPU
		{0E8D1A1F-00C7-4091-BBD1-FBD1E2BFF74E}.Release|Any CPU.ActiveCfg = Release|Any CPU
		{0E8D1A1F-00C7-4091-BBD1-FBD1E2BFF74E}.Release|Any CPU.Build.0 = Release|Any CPU
		{6A62CC83-EDB5-4031-83F9-37207AF76F6C}.Debug|Any CPU.ActiveCfg = Debug|Any CPU
		{6A62CC83-EDB5-4031-83F9-37207AF76F6C}.Debug|Any CPU.Build.0 = Debug|Any CPU
		{6A62CC83-EDB5-4031-83F9-37207AF76F6C}.Release|Any CPU.ActiveCfg = Release|Any CPU
		{6A62CC83-EDB5-4031-83F9-37207AF76F6C}.Release|Any CPU.Build.0 = Release|Any CPU
		{96C7B0E3-75BC-4E5A-A836-65E8A1BEE598}.Debug|Any CPU.ActiveCfg = Debug|Any CPU
		{96C7B0E3-75BC-4E5A-A836-65E8A1BEE598}.Debug|Any CPU.Build.0 = Debug|Any CPU
		{96C7B0E3-75BC-4E5A-A836-65E8A1BEE598}.Release|Any CPU.ActiveCfg = Release|Any CPU
		{96C7B0E3-75BC-4E5A-A836-65E8A1BEE598}.Release|Any CPU.Build.0 = Release|Any CPU
		{E884F652-BC8C-4BEF-AA07-E5A59E3C16C7}.Debug|Any CPU.ActiveCfg = Debug|Any CPU
		{E884F652-BC8C-4BEF-AA07-E5A59E3C16C7}.Debug|Any CPU.Build.0 = Debug|Any CPU
		{E884F652-BC8C-4BEF-AA07-E5A59E3C16C7}.Release|Any CPU.ActiveCfg = Release|Any CPU
		{E884F652-BC8C-4BEF-AA07-E5A59E3C16C7}.Release|Any CPU.Build.0 = Release|Any CPU
		{603E8E67-74CC-4B93-9100-7FC92A8F2DBF}.Debug|Any CPU.ActiveCfg = Debug|Any CPU
		{603E8E67-74CC-4B93-9100-7FC92A8F2DBF}.Debug|Any CPU.Build.0 = Debug|Any CPU
		{603E8E67-74CC-4B93-9100-7FC92A8F2DBF}.Release|Any CPU.ActiveCfg = Release|Any CPU
		{603E8E67-74CC-4B93-9100-7FC92A8F2DBF}.Release|Any CPU.Build.0 = Release|Any CPU
		{D2BD42D7-1475-4C96-9181-2E2DFD97D348}.Debug|Any CPU.ActiveCfg = Debug|Any CPU
		{D2BD42D7-1475-4C96-9181-2E2DFD97D348}.Debug|Any CPU.Build.0 = Debug|Any CPU
		{D2BD42D7-1475-4C96-9181-2E2DFD97D348}.Release|Any CPU.ActiveCfg = Release|Any CPU
		{D2BD42D7-1475-4C96-9181-2E2DFD97D348}.Release|Any CPU.Build.0 = Release|Any CPU
		{49C9AB26-6A00-4CB1-B7E6-19F761975CA4}.Debug|Any CPU.ActiveCfg = Debug|Any CPU
		{49C9AB26-6A00-4CB1-B7E6-19F761975CA4}.Debug|Any CPU.Build.0 = Debug|Any CPU
		{49C9AB26-6A00-4CB1-B7E6-19F761975CA4}.Release|Any CPU.ActiveCfg = Release|Any CPU
		{49C9AB26-6A00-4CB1-B7E6-19F761975CA4}.Release|Any CPU.Build.0 = Release|Any CPU
		{1859E31C-66A1-4B57-BE13-061A037BBC65}.Debug|Any CPU.ActiveCfg = Debug|Any CPU
		{1859E31C-66A1-4B57-BE13-061A037BBC65}.Debug|Any CPU.Build.0 = Debug|Any CPU
		{1859E31C-66A1-4B57-BE13-061A037BBC65}.Release|Any CPU.ActiveCfg = Release|Any CPU
		{1859E31C-66A1-4B57-BE13-061A037BBC65}.Release|Any CPU.Build.0 = Release|Any CPU
		{F8D5752C-DC43-4748-8FC4-620259F24F2B}.Debug|Any CPU.ActiveCfg = Debug|Any CPU
		{F8D5752C-DC43-4748-8FC4-620259F24F2B}.Debug|Any CPU.Build.0 = Debug|Any CPU
		{F8D5752C-DC43-4748-8FC4-620259F24F2B}.Release|Any CPU.ActiveCfg = Release|Any CPU
		{F8D5752C-DC43-4748-8FC4-620259F24F2B}.Release|Any CPU.Build.0 = Release|Any CPU
		{4E581518-0EA6-40F1-955D-4998224F6303}.Debug|Any CPU.ActiveCfg = Debug|Any CPU
		{4E581518-0EA6-40F1-955D-4998224F6303}.Debug|Any CPU.Build.0 = Debug|Any CPU
		{4E581518-0EA6-40F1-955D-4998224F6303}.Release|Any CPU.ActiveCfg = Release|Any CPU
		{4E581518-0EA6-40F1-955D-4998224F6303}.Release|Any CPU.Build.0 = Release|Any CPU
		{0F9241D3-8B8C-48B7-A459-E4D668DA4D64}.Debug|Any CPU.ActiveCfg = Debug|Any CPU
		{0F9241D3-8B8C-48B7-A459-E4D668DA4D64}.Debug|Any CPU.Build.0 = Debug|Any CPU
		{0F9241D3-8B8C-48B7-A459-E4D668DA4D64}.Release|Any CPU.ActiveCfg = Release|Any CPU
		{0F9241D3-8B8C-48B7-A459-E4D668DA4D64}.Release|Any CPU.Build.0 = Release|Any CPU
		{DC93AFD6-5A7B-4BB0-B325-9F038A86301E}.Debug|Any CPU.ActiveCfg = Debug|Any CPU
		{DC93AFD6-5A7B-4BB0-B325-9F038A86301E}.Debug|Any CPU.Build.0 = Debug|Any CPU
		{DC93AFD6-5A7B-4BB0-B325-9F038A86301E}.Release|Any CPU.ActiveCfg = Release|Any CPU
		{DC93AFD6-5A7B-4BB0-B325-9F038A86301E}.Release|Any CPU.Build.0 = Release|Any CPU
		{6BC5B0ED-EDFB-4F37-96A1-CA892B124FB9}.Debug|Any CPU.ActiveCfg = Debug|Any CPU
		{6BC5B0ED-EDFB-4F37-96A1-CA892B124FB9}.Debug|Any CPU.Build.0 = Debug|Any CPU
		{6BC5B0ED-EDFB-4F37-96A1-CA892B124FB9}.Release|Any CPU.ActiveCfg = Release|Any CPU
		{6BC5B0ED-EDFB-4F37-96A1-CA892B124FB9}.Release|Any CPU.Build.0 = Release|Any CPU
		{0B4E3171-AA1D-4F24-8098-01BC466DC163}.Debug|Any CPU.ActiveCfg = Debug|Any CPU
		{0B4E3171-AA1D-4F24-8098-01BC466DC163}.Debug|Any CPU.Build.0 = Debug|Any CPU
		{0B4E3171-AA1D-4F24-8098-01BC466DC163}.Release|Any CPU.ActiveCfg = Release|Any CPU
		{0B4E3171-AA1D-4F24-8098-01BC466DC163}.Release|Any CPU.Build.0 = Release|Any CPU
	EndGlobalSection
	GlobalSection(SolutionProperties) = preSolution
		HideSolutionNode = FALSE
	EndGlobalSection
	GlobalSection(NestedProjects) = preSolution
		{0E8D1A1F-00C7-4091-BBD1-FBD1E2BFF74E} = {9A79D309-6762-4A70-A4C2-8AB81BF7B920}
		{6A62CC83-EDB5-4031-83F9-37207AF76F6C} = {9A79D309-6762-4A70-A4C2-8AB81BF7B920}
		{96C7B0E3-75BC-4E5A-A836-65E8A1BEE598} = {9A79D309-6762-4A70-A4C2-8AB81BF7B920}
		{E884F652-BC8C-4BEF-AA07-E5A59E3C16C7} = {9A79D309-6762-4A70-A4C2-8AB81BF7B920}
		{603E8E67-74CC-4B93-9100-7FC92A8F2DBF} = {9A79D309-6762-4A70-A4C2-8AB81BF7B920}
		{D2BD42D7-1475-4C96-9181-2E2DFD97D348} = {9A79D309-6762-4A70-A4C2-8AB81BF7B920}
		{49C9AB26-6A00-4CB1-B7E6-19F761975CA4} = {9A79D309-6762-4A70-A4C2-8AB81BF7B920}
		{1859E31C-66A1-4B57-BE13-061A037BBC65} = {9A79D309-6762-4A70-A4C2-8AB81BF7B920}
		{F8D5752C-DC43-4748-8FC4-620259F24F2B} = {9A79D309-6762-4A70-A4C2-8AB81BF7B920}
		{4E581518-0EA6-40F1-955D-4998224F6303} = {9A79D309-6762-4A70-A4C2-8AB81BF7B920}
		{0F9241D3-8B8C-48B7-A459-E4D668DA4D64} = {9A79D309-6762-4A70-A4C2-8AB81BF7B920}
		{DC93AFD6-5A7B-4BB0-B325-9F038A86301E} = {9A79D309-6762-4A70-A4C2-8AB81BF7B920}
		{6BC5B0ED-EDFB-4F37-96A1-CA892B124FB9} = {9A79D309-6762-4A70-A4C2-8AB81BF7B920}
		{0B4E3171-AA1D-4F24-8098-01BC466DC163} = {9A79D309-6762-4A70-A4C2-8AB81BF7B920}
	EndGlobalSection
EndGlobal
